
Microsoft Visual Studio Solution File, Format Version 12.00
# Visual Studio Version 16
VisualStudioVersion = 16.0.29326.143
MinimumVisualStudioVersion = 10.0.40219.1
Project("{FAE04EC0-301F-11D3-BF4B-00C04F79EFBC}") = "winlogd", "winlogd\winlogd.csproj", "{D555BB44-283B-4BAB-9F86-F86BF49820BF}"
EndProject
Global
	GlobalSection(SolutionConfigurationPlatforms) = preSolution
		Debug|Any CPU = Debug|Any CPU
		Release|Any CPU = Release|Any CPU
	EndGlobalSection
	GlobalSection(ProjectConfigurationPlatforms) = postSolution
		{D555BB44-283B-4BAB-9F86-F86BF49820BF}.Debug|Any CPU.ActiveCfg = Debug|Any CPU
		{D555BB44-283B-4BAB-9F86-F86BF49820BF}.Debug|Any CPU.Build.0 = Debug|Any CPU
		{D555BB44-283B-4BAB-9F86-F86BF49820BF}.Release|Any CPU.ActiveCfg = Release|Any CPU
		{D555BB44-283B-4BAB-9F86-F86BF49820BF}.Release|Any CPU.Build.0 = Release|Any CPU
	EndGlobalSection
	GlobalSection(SolutionProperties) = preSolution
		HideSolutionNode = FALSE
	EndGlobalSection
	GlobalSection(ExtensibilityGlobals) = postSolution
		SolutionGuid = {F00C3E54-D77E-4181-A16A-E3399F07557E}
	EndGlobalSection
EndGlobal
